// !$*UTF8*$!
{
	archiveVersion = 1;
	classes = {
	};
	objectVersion = 46;
	objects = {

/* Begin PBXBuildFile section */
		4A006DF91F6E8579003FF175 /* AppDelegate.swift in Sources */ = {isa = PBXBuildFile; fileRef = 4A006DF81F6E8579003FF175 /* AppDelegate.swift */; };
		4A006DFB1F6E8579003FF175 /* ViewController.swift in Sources */ = {isa = PBXBuildFile; fileRef = 4A006DFA1F6E8579003FF175 /* ViewController.swift */; };
		4A006DFE1F6E8579003FF175 /* Main.storyboard in Resources */ = {isa = PBXBuildFile; fileRef = 4A006DFC1F6E8579003FF175 /* Main.storyboard */; };
		4A006E031F6E8579003FF175 /* LaunchScreen.storyboard in Resources */ = {isa = PBXBuildFile; fileRef = 4A006E011F6E8579003FF175 /* LaunchScreen.storyboard */; };
		4A006E111F6E85D3003FF175 /* KeyboardObserverBehaviour.swift in Sources */ = {isa = PBXBuildFile; fileRef = 4A006E0F1F6E85D3003FF175 /* KeyboardObserverBehaviour.swift */; };
		4A006E121F6E85D3003FF175 /* ViewControllerLifecycleBehaviour.swift in Sources */ = {isa = PBXBuildFile; fileRef = 4A006E101F6E85D3003FF175 /* ViewControllerLifecycleBehaviour.swift */; };
		4A006E1B1F6E8B40003FF175 /* Assets.xcassets in Resources */ = {isa = PBXBuildFile; fileRef = 4A006E1A1F6E8B40003FF175 /* Assets.xcassets */; };
		4A006E1D1F6E93A1003FF175 /* UIScrollView+Extra.swift in Sources */ = {isa = PBXBuildFile; fileRef = 4A006E1C1F6E93A1003FF175 /* UIScrollView+Extra.swift */; };
/* End PBXBuildFile section */

/* Begin PBXFileReference section */
		4A006DF51F6E8579003FF175 /* KeyboardBehaviourExample.app */ = {isa = PBXFileReference; explicitFileType = wrapper.application; includeInIndex = 0; path = KeyboardBehaviourExample.app; sourceTree = BUILT_PRODUCTS_DIR; };
		4A006DF81F6E8579003FF175 /* AppDelegate.swift */ = {isa = PBXFileReference; lastKnownFileType = sourcecode.swift; path = AppDelegate.swift; sourceTree = "<group>"; };
		4A006DFA1F6E8579003FF175 /* ViewController.swift */ = {isa = PBXFileReference; lastKnownFileType = sourcecode.swift; path = ViewController.swift; sourceTree = "<group>"; };
		4A006DFD1F6E8579003FF175 /* Base */ = {isa = PBXFileReference; lastKnownFileType = file.storyboard; name = Base; path = Base.lproj/Main.storyboard; sourceTree = "<group>"; };
		4A006E021F6E8579003FF175 /* Base */ = {isa = PBXFileReference; lastKnownFileType = file.storyboard; name = Base; path = Base.lproj/LaunchScreen.storyboard; sourceTree = "<group>"; };
		4A006E041F6E8579003FF175 /* Info.plist */ = {isa = PBXFileReference; lastKnownFileType = text.plist.xml; path = Info.plist; sourceTree = "<group>"; };
		4A006E0F1F6E85D3003FF175 /* KeyboardObserverBehaviour.swift */ = {isa = PBXFileReference; fileEncoding = 4; lastKnownFileType = sourcecode.swift; path = KeyboardObserverBehaviour.swift; sourceTree = "<group>"; };
		4A006E101F6E85D3003FF175 /* ViewControllerLifecycleBehaviour.swift */ = {isa = PBXFileReference; fileEncoding = 4; lastKnownFileType = sourcecode.swift; path = ViewControllerLifecycleBehaviour.swift; sourceTree = "<group>"; };
		4A006E1A1F6E8B40003FF175 /* Assets.xcassets */ = {isa = PBXFileReference; lastKnownFileType = folder.assetcatalog; path = Assets.xcassets; sourceTree = "<group>"; };
		4A006E1C1F6E93A1003FF175 /* UIScrollView+Extra.swift */ = {isa = PBXFileReference; fileEncoding = 4; lastKnownFileType = sourcecode.swift; path = "UIScrollView+Extra.swift"; sourceTree = "<group>"; };
/* End PBXFileReference section */

/* Begin PBXFrameworksBuildPhase section */
		4A006DF21F6E8579003FF175 /* Frameworks */ = {
			isa = PBXFrameworksBuildPhase;
			buildActionMask = 2147483647;
			files = (
			);
			runOnlyForDeploymentPostprocessing = 0;
		};
/* End PBXFrameworksBuildPhase section */

/* Begin PBXGroup section */
		4A006DEC1F6E8579003FF175 = {
			isa = PBXGroup;
			children = (
				4A006DF71F6E8579003FF175 /* KeyboardBehaviourExample */,
				4A006DF61F6E8579003FF175 /* Products */,
			);
			sourceTree = "<group>";
		};
		4A006DF61F6E8579003FF175 /* Products */ = {
			isa = PBXGroup;
			children = (
				4A006DF51F6E8579003FF175 /* KeyboardBehaviourExample.app */,
			);
			name = Products;
			sourceTree = "<group>";
		};
		4A006DF71F6E8579003FF175 /* KeyboardBehaviourExample */ = {
			isa = PBXGroup;
			children = (
				4A006E0E1F6E85D3003FF175 /* Behaviours */,
				4A006DFA1F6E8579003FF175 /* ViewController.swift */,
				4A006E1C1F6E93A1003FF175 /* UIScrollView+Extra.swift */,
				4A006DF81F6E8579003FF175 /* AppDelegate.swift */,
				4A006DFC1F6E8579003FF175 /* Main.storyboard */,
				4A006E1A1F6E8B40003FF175 /* Assets.xcassets */,
				4A006E011F6E8579003FF175 /* LaunchScreen.storyboard */,
				4A006E041F6E8579003FF175 /* Info.plist */,
			);
			path = KeyboardBehaviourExample;
			sourceTree = "<group>";
		};
		4A006E0E1F6E85D3003FF175 /* Behaviours */ = {
			isa = PBXGroup;
			children = (
				4A006E101F6E85D3003FF175 /* ViewControllerLifecycleBehaviour.swift */,
				4A006E0F1F6E85D3003FF175 /* KeyboardObserverBehaviour.swift */,
			);
			path = Behaviours;
			sourceTree = "<group>";
		};
/* End PBXGroup section */

/* Begin PBXNativeTarget section */
		4A006DF41F6E8579003FF175 /* KeyboardBehaviourExample */ = {
			isa = PBXNativeTarget;
			buildConfigurationList = 4A006E071F6E8579003FF175 /* Build configuration list for PBXNativeTarget "KeyboardBehaviourExample" */;
			buildPhases = (
				4A006DF11F6E8579003FF175 /* Sources */,
				4A006DF21F6E8579003FF175 /* Frameworks */,
				4A006DF31F6E8579003FF175 /* Resources */,
			);
			buildRules = (
			);
			dependencies = (
			);
			name = KeyboardBehaviourExample;
			productName = KeyboardBehaviourExample;
			productReference = 4A006DF51F6E8579003FF175 /* KeyboardBehaviourExample.app */;
			productType = "com.apple.product-type.application";
		};
/* End PBXNativeTarget section */

/* Begin PBXProject section */
		4A006DED1F6E8579003FF175 /* Project object */ = {
			isa = PBXProject;
			attributes = {
				LastSwiftUpdateCheck = 0830;
				LastUpgradeCheck = 0830;
				ORGANIZATIONNAME = Revolut;
				TargetAttributes = {
					4A006DF41F6E8579003FF175 = {
						CreatedOnToolsVersion = 8.3.3;
						DevelopmentTeam = QUZEZSEARC;
						ProvisioningStyle = Automatic;
					};
				};
			};
			buildConfigurationList = 4A006DF01F6E8579003FF175 /* Build configuration list for PBXProject "KeyboardBehaviourExample" */;
			compatibilityVersion = "Xcode 3.2";
			developmentRegion = English;
			hasScannedForEncodings = 0;
			knownRegions = (
				en,
				Base,
			);
			mainGroup = 4A006DEC1F6E8579003FF175;
			productRefGroup = 4A006DF61F6E8579003FF175 /* Products */;
			projectDirPath = "";
			projectRoot = "";
			targets = (
				4A006DF41F6E8579003FF175 /* KeyboardBehaviourExample */,
			);
		};
/* End PBXProject section */

/* Begin PBXResourcesBuildPhase section */
		4A006DF31F6E8579003FF175 /* Resources */ = {
			isa = PBXResourcesBuildPhase;
			buildActionMask = 2147483647;
			files = (
				4A006E031F6E8579003FF175 /* LaunchScreen.storyboard in Resources */,
				4A006E1B1F6E8B40003FF175 /* Assets.xcassets in Resources */,
				4A006DFE1F6E8579003FF175 /* Main.storyboard in Resources */,
			);
			runOnlyForDeploymentPostprocessing = 0;
		};
/* End PBXResourcesBuildPhase section */

/* Begin PBXSourcesBuildPhase section */
		4A006DF11F6E8579003FF175 /* Sources */ = {
			isa = PBXSourcesBuildPhase;
			buildActionMask = 2147483647;
			files = (
				4A006E1D1F6E93A1003FF175 /* UIScrollView+Extra.swift in Sources */,
				4A006DFB1F6E8579003FF175 /* ViewController.swift in Sources */,
				4A006E111F6E85D3003FF175 /* KeyboardObserverBehaviour.swift in Sources */,
				4A006DF91F6E8579003FF175 /* AppDelegate.swift in Sources */,
				4A006E121F6E85D3003FF175 /* ViewControllerLifecycleBehaviour.swift in Sources */,
			);
			runOnlyForDeploymentPostprocessing = 0;
		};
/* End PBXSourcesBuildPhase section */

/* Begin PBXVariantGroup section */
		4A006DFC1F6E8579003FF175 /* Main.storyboard */ = {
			isa = PBXVariantGroup;
			children = (
				4A006DFD1F6E8579003FF175 /* Base */,
			);
			name = Main.storyboard;
			sourceTree = "<group>";
		};
		4A006E011F6E8579003FF175 /* LaunchScreen.storyboard */ = {
			isa = PBXVariantGroup;
			children = (
				4A006E021F6E8579003FF175 /* Base */,
			);
			name = LaunchScreen.storyboard;
			sourceTree = "<group>";
		};
/* End PBXVariantGroup section */

/* Begin XCBuildConfiguration section */
		4A006E051F6E8579003FF175 /* Debug */ = {
			isa = XCBuildConfiguration;
			buildSettings = {
				ALWAYS_SEARCH_USER_PATHS = NO;
				CLANG_ANALYZER_NONNULL = YES;
				CLANG_ANALYZER_NUMBER_OBJECT_CONVERSION = YES_AGGRESSIVE;
				CLANG_CXX_LANGUAGE_STANDARD = "gnu++0x";
				CLANG_CXX_LIBRARY = "libc++";
				CLANG_ENABLE_MODULES = YES;
				CLANG_ENABLE_OBJC_ARC = YES;
				CLANG_WARN_BOOL_CONVERSION = YES;
				CLANG_WARN_CONSTANT_CONVERSION = YES;
				CLANG_WARN_DIRECT_OBJC_ISA_USAGE = YES_ERROR;
				CLANG_WARN_DOCUMENTATION_COMMENTS = YES;
				CLANG_WARN_EMPTY_BODY = YES;
				CLANG_WARN_ENUM_CONVERSION = YES;
				CLANG_WARN_INFINITE_RECURSION = YES;
				CLANG_WARN_INT_CONVERSION = YES;
				CLANG_WARN_OBJC_ROOT_CLASS = YES_ERROR;
				CLANG_WARN_SUSPICIOUS_MOVE = YES;
				CLANG_WARN_UNREACHABLE_CODE = YES;
				CLANG_WARN__DUPLICATE_METHOD_MATCH = YES;
				"CODE_SIGN_IDENTITY[sdk=iphoneos*]" = "iPhone Developer";
				COPY_PHASE_STRIP = NO;
				DEBUG_INFORMATION_FORMAT = dwarf;
				ENABLE_STRICT_OBJC_MSGSEND = YES;
				ENABLE_TESTABILITY = YES;
				GCC_C_LANGUAGE_STANDARD = gnu99;
				GCC_DYNAMIC_NO_PIC = NO;
				GCC_NO_COMMON_BLOCKS = YES;
				GCC_OPTIMIZATION_LEVEL = 0;
				GCC_PREPROCESSOR_DEFINITIONS = (
					"DEBUG=1",
					"$(inherited)",
				);
				GCC_WARN_64_TO_32_BIT_CONVERSION = YES;
				GCC_WARN_ABOUT_RETURN_TYPE = YES_ERROR;
				GCC_WARN_UNDECLARED_SELECTOR = YES;
				GCC_WARN_UNINITIALIZED_AUTOS = YES_AGGRESSIVE;
				GCC_WARN_UNUSED_FUNCTION = YES;
				GCC_WARN_UNUSED_VARIABLE = YES;
				IPHONEOS_DEPLOYMENT_TARGET = 10.3;
				MTL_ENABLE_DEBUG_INFO = YES;
				ONLY_ACTIVE_ARCH = YES;
				SDKROOT = iphoneos;
				SWIFT_ACTIVE_COMPILATION_CONDITIONS = DEBUG;
				SWIFT_OPTIMIZATION_LEVEL = "-Onone";
			};
			name = Debug;
		};
		4A006E061F6E8579003FF175 /* Release */ = {
			isa = XCBuildConfiguration;
			buildSettings = {
				ALWAYS_SEARCH_USER_PATHS = NO;
				CLANG_ANALYZER_NONNULL = YES;
				CLANG_ANALYZER_NUMBER_OBJECT_CONVERSION = YES_AGGRESSIVE;
				CLANG_CXX_LANGUAGE_STANDARD = "gnu++0x";
				CLANG_CXX_LIBRARY = "libc++";
				CLANG_ENABLE_MODULES = YES;
				CLANG_ENABLE_OBJC_ARC = YES;
				CLANG_WARN_BOOL_CONVERSION = YES;
				CLANG_WARN_CONSTANT_CONVERSION = YES;
				CLANG_WARN_DIRECT_OBJC_ISA_USAGE = YES_ERROR;
				CLANG_WARN_DOCUMENTATION_COMMENTS = YES;
				CLANG_WARN_EMPTY_BODY = YES;
				CLANG_WARN_ENUM_CONVERSION = YES;
				CLANG_WARN_INFINITE_RECURSION = YES;
				CLANG_WARN_INT_CONVERSION = YES;
				CLANG_WARN_OBJC_ROOT_CLASS = YES_ERROR;
				CLANG_WARN_SUSPICIOUS_MOVE = YES;
				CLANG_WARN_UNREACHABLE_CODE = YES;
				CLANG_WARN__DUPLICATE_METHOD_MATCH = YES;
				"CODE_SIGN_IDENTITY[sdk=iphoneos*]" = "iPhone Developer";
				COPY_PHASE_STRIP = NO;
				DEBUG_INFORMATION_FORMAT = "dwarf-with-dsym";
				ENABLE_NS_ASSERTIONS = NO;
				ENABLE_STRICT_OBJC_MSGSEND = YES;
				GCC_C_LANGUAGE_STANDARD = gnu99;
				GCC_NO_COMMON_BLOCKS = YES;
				GCC_WARN_64_TO_32_BIT_CONVERSION = YES;
				GCC_WARN_ABOUT_RETURN_TYPE = YES_ERROR;
				GCC_WARN_UNDECLARED_SELECTOR = YES;
				GCC_WARN_UNINITIALIZED_AUTOS = YES_AGGRESSIVE;
				GCC_WARN_UNUSED_FUNCTION = YES;
				GCC_WARN_UNUSED_VARIABLE = YES;
				IPHONEOS_DEPLOYMENT_TARGET = 10.3;
				MTL_ENABLE_DEBUG_INFO = NO;
				SDKROOT = iphoneos;
				SWIFT_OPTIMIZATION_LEVEL = "-Owholemodule";
				VALIDATE_PRODUCT = YES;
			};
			name = Release;
		};
		4A006E081F6E8579003FF175 /* Debug */ = {
			isa = XCBuildConfiguration;
			buildSettings = {
				ASSETCATALOG_COMPILER_APPICON_NAME = AppIcon;
				DEVELOPMENT_TEAM = QUZEZSEARC;
				INFOPLIST_FILE = KeyboardBehaviourExample/Info.plist;
				LD_RUNPATH_SEARCH_PATHS = "$(inherited) @executable_path/Frameworks";
				PRODUCT_BUNDLE_IDENTIFIER = com.revolut.KeyboardBehaviourExample;
				PRODUCT_NAME = "$(TARGET_NAME)";
				SWIFT_VERSION = 3.0;
			};
			name = Debug;
		};
		4A006E091F6E8579003FF175 /* Release */ = {
			isa = XCBuildConfiguration;
			buildSettings = {
				ASSETCATALOG_COMPILER_APPICON_NAME = AppIcon;
				DEVELOPMENT_TEAM = QUZEZSEARC;
				INFOPLIST_FILE = KeyboardBehaviourExample/Info.plist;
				LD_RUNPATH_SEARCH_PATHS = "$(inherited) @executable_path/Frameworks";
				PRODUCT_BUNDLE_IDENTIFIER = com.revolut.KeyboardBehaviourExample;
				PRODUCT_NAME = "$(TARGET_NAME)";
				SWIFT_VERSION = 3.0;
			};
			name = Release;
		};
/* End XCBuildConfiguration section */

/* Begin XCConfigurationList section */
		4A006DF01F6E8579003FF175 /* Build configuration list for PBXProject "KeyboardBehaviourExample" */ = {
			isa = XCConfigurationList;
			buildConfigurations = (
				4A006E051F6E8579003FF175 /* Debug */,
				4A006E061F6E8579003FF175 /* Release */,
			);
			defaultConfigurationIsVisible = 0;
			defaultConfigurationName = Release;
		};
		4A006E071F6E8579003FF175 /* Build configuration list for PBXNativeTarget "KeyboardBehaviourExample" */ = {
			isa = XCConfigurationList;
			buildConfigurations = (
				4A006E081F6E8579003FF175 /* Debug */,
				4A006E091F6E8579003FF175 /* Release */,
			);
			defaultConfigurationIsVisible = 0;
			defaultConfigurationName = Release;
		};
/* End XCConfigurationList section */
	};
	rootObject = 4A006DED1F6E8579003FF175 /* Project object */;
}
